
Microsoft Visual Studio Solution File, Format Version 12.00
# Visual Studio Version 17
VisualStudioVersion = 17.9.34701.34
MinimumVisualStudioVersion = 10.0.40219.1
Project("{9A19103F-16F7-4668-BE54-9A1E7A4F7556}") = "LLJ_CarInsuranceMS_ASPNET", "LLJ_CarInsuranceMS_ASPNET\LLJ_CarInsuranceMS_ASPNET.csproj", "{ECC4947F-91AD-4FDA-B41F-98DB98E9690E}"
EndProject
Project("{FAE04EC0-301F-11D3-BF4B-00C04F79EFBC}") = "ASPMVC.xUnitTests", "ASPMVC.xUnitTests\ASPMVC.xUnitTests.csproj", "{541F4A95-47E6-4971-947E-49A35D04BCEA}"
EndProject
Global
	GlobalSection(SolutionConfigurationPlatforms) = preSolution
		Debug|Any CPU = Debug|Any CPU
		Release|Any CPU = Release|Any CPU
	EndGlobalSection
	GlobalSection(ProjectConfigurationPlatforms) = postSolution
		{ECC4947F-91AD-4FDA-B41F-98DB98E9690E}.Debug|Any CPU.ActiveCfg = Debug|Any CPU
		{ECC4947F-91AD-4FDA-B41F-98DB98E9690E}.Debug|Any CPU.Build.0 = Debug|Any CPU
		{ECC4947F-91AD-4FDA-B41F-98DB98E9690E}.Release|Any CPU.ActiveCfg = Release|Any CPU
		{ECC4947F-91AD-4FDA-B41F-98DB98E9690E}.Release|Any CPU.Build.0 = Release|Any CPU
		{541F4A95-47E6-4971-947E-49A35D04BCEA}.Debug|Any CPU.ActiveCfg = Debug|Any CPU
		{541F4A95-47E6-4971-947E-49A35D04BCEA}.Debug|Any CPU.Build.0 = Debug|Any CPU
		{541F4A95-47E6-4971-947E-49A35D04BCEA}.Release|Any CPU.ActiveCfg = Release|Any CPU
		{541F4A95-47E6-4971-947E-49A35D04BCEA}.Release|Any CPU.Build.0 = Release|Any CPU
	EndGlobalSection
	GlobalSection(SolutionProperties) = preSolution
		HideSolutionNode = FALSE
	EndGlobalSection
	GlobalSection(ExtensibilityGlobals) = postSolution
		SolutionGuid = {EA620131-9093-44ED-95DF-70CF5A33943D}
	EndGlobalSection
EndGlobal
